
Microsoft Visual Studio Solution File, Format Version 12.00
# Visual Studio Version 16
VisualStudioVersion = 16.0.30114.105
MinimumVisualStudioVersion = 10.0.40219.1
Project("{FAE04EC0-301F-11D3-BF4B-00C04F79EFBC}") = "TimeTracker", "TimeTracker\TimeTracker.csproj", "{C85A2A51-4143-43B9-BE13-6D94E9382C59}"
EndProject
Project("{FAE04EC0-301F-11D3-BF4B-00C04F79EFBC}") = "DataContracts", "DataContracts\DataContracts.csproj", "{07427693-3E69-4E86-95BF-B67DFA638A2E}"
EndProject
Project("{FAE04EC0-301F-11D3-BF4B-00C04F79EFBC}") = "Repository", "Repository\Repository.csproj", "{BBAC84A3-321F-49EE-9C54-C92F212DDF9D}"
EndProject
Global
	GlobalSection(SolutionConfigurationPlatforms) = preSolution
		Debug|Any CPU = Debug|Any CPU
		Release|Any CPU = Release|Any CPU
	EndGlobalSection
	GlobalSection(ProjectConfigurationPlatforms) = postSolution
		{C85A2A51-4143-43B9-BE13-6D94E9382C59}.Debug|Any CPU.ActiveCfg = Debug|Any CPU
		{C85A2A51-4143-43B9-BE13-6D94E9382C59}.Debug|Any CPU.Build.0 = Debug|Any CPU
		{C85A2A51-4143-43B9-BE13-6D94E9382C59}.Release|Any CPU.ActiveCfg = Release|Any CPU
		{C85A2A51-4143-43B9-BE13-6D94E9382C59}.Release|Any CPU.Build.0 = Release|Any CPU
		{07427693-3E69-4E86-95BF-B67DFA638A2E}.Debug|Any CPU.ActiveCfg = Debug|Any CPU
		{07427693-3E69-4E86-95BF-B67DFA638A2E}.Debug|Any CPU.Build.0 = Debug|Any CPU
		{07427693-3E69-4E86-95BF-B67DFA638A2E}.Release|Any CPU.ActiveCfg = Release|Any CPU
		{07427693-3E69-4E86-95BF-B67DFA638A2E}.Release|Any CPU.Build.0 = Release|Any CPU
		{BBAC84A3-321F-49EE-9C54-C92F212DDF9D}.Debug|Any CPU.ActiveCfg = Debug|Any CPU
		{BBAC84A3-321F-49EE-9C54-C92F212DDF9D}.Debug|Any CPU.Build.0 = Debug|Any CPU
		{BBAC84A3-321F-49EE-9C54-C92F212DDF9D}.Release|Any CPU.ActiveCfg = Release|Any CPU
		{BBAC84A3-321F-49EE-9C54-C92F212DDF9D}.Release|Any CPU.Build.0 = Release|Any CPU
	EndGlobalSection
	GlobalSection(SolutionProperties) = preSolution
		HideSolutionNode = FALSE
	EndGlobalSection
	GlobalSection(ExtensibilityGlobals) = postSolution
		SolutionGuid = {68A27241-B7E8-4288-83BF-B29AFFFC8841}
	EndGlobalSection
EndGlobal
